
Microsoft Visual Studio Solution File, Format Version 12.00
# Visual Studio Version 16
VisualStudioVersion = 16.0.32126.315
MinimumVisualStudioVersion = 10.0.40219.1
Project("{FAE04EC0-301F-11D3-BF4B-00C04F79EFBC}") = "daytwo", "daytwo\daytwo.csproj", "{1FF012BA-9DB8-455A-A2DB-875A63C6D490}"
EndProject
Global
	GlobalSection(SolutionConfigurationPlatforms) = preSolution
		Debug|Any CPU = Debug|Any CPU
		Release|Any CPU = Release|Any CPU
	EndGlobalSection
	GlobalSection(ProjectConfigurationPlatforms) = postSolution
		{1FF012BA-9DB8-455A-A2DB-875A63C6D490}.Debug|Any CPU.ActiveCfg = Debug|Any CPU
		{1FF012BA-9DB8-455A-A2DB-875A63C6D490}.Debug|Any CPU.Build.0 = Debug|Any CPU
		{1FF012BA-9DB8-455A-A2DB-875A63C6D490}.Release|Any CPU.ActiveCfg = Release|Any CPU
		{1FF012BA-9DB8-455A-A2DB-875A63C6D490}.Release|Any CPU.Build.0 = Release|Any CPU
	EndGlobalSection
	GlobalSection(SolutionProperties) = preSolution
		HideSolutionNode = FALSE
	EndGlobalSection
	GlobalSection(ExtensibilityGlobals) = postSolution
		SolutionGuid = {F97FF21D-0C0B-49EA-9292-8FB4BC9F373F}
	EndGlobalSection
EndGlobal
